
Microsoft Visual Studio Solution File, Format Version 12.00
# Visual Studio Version 17
VisualStudioVersion = 17.10.35122.118
MinimumVisualStudioVersion = 10.0.40219.1
Project("{9A19103F-16F7-4668-BE54-9A1E7A4F7556}") = "Server", "src\Server\Server.csproj", "{8005E5FB-9976-441B-8EBA-11378D613E83}"
EndProject
Project("{9A19103F-16F7-4668-BE54-9A1E7A4F7556}") = "BlazorShop.Domain", "src\BlazorShop.Domain\BlazorShop.Domain.csproj", "{04C5AB0D-D05B-40ED-A10F-A4A01BD5D019}"
EndProject
Project("{9A19103F-16F7-4668-BE54-9A1E7A4F7556}") = "BlazorShop.Infrastructure", "src\BlazorShop.Infrastructure\BlazorShop.Infrastructure.csproj", "{E04B6225-02B3-4D4A-8489-242AC2E9C4CF}"
EndProject
Project("{9A19103F-16F7-4668-BE54-9A1E7A4F7556}") = "BlazorShop.Application", "src\BlazorShop.Application\BlazorShop.Application.csproj", "{2A2B1C72-5C58-4F2E-8F07-3DD8C64A6341}"
EndProject
Project("{9A19103F-16F7-4668-BE54-9A1E7A4F7556}") = "BlazorShop.Resources", "src\BlazorShop.Resources\BlazorShop.Resources.csproj", "{648FBC32-E345-4F20-8C9C-3B33EFD6DCF0}"
EndProject
Project("{2150E333-8FDC-42A3-9474-1A3956D46DE8}") = "Shop", "Shop", "{E226C0C2-8E03-4417-A8AA-DB8E41E4F81B}"
EndProject
Project("{9A19103F-16F7-4668-BE54-9A1E7A4F7556}") = "Client", "src\Client\Client.csproj", "{1D4D5EA3-4E52-46DE-B76B-DD1AAF9D6311}"
EndProject
Project("{9A19103F-16F7-4668-BE54-9A1E7A4F7556}") = "Shared", "src\Shared\Shared.csproj", "{D7CF8629-90E4-4659-8AD1-5C1FCCB4B3D2}"
EndProject
Global
	GlobalSection(SolutionConfigurationPlatforms) = preSolution
		Debug|Any CPU = Debug|Any CPU
		Release|Any CPU = Release|Any CPU
	EndGlobalSection
	GlobalSection(ProjectConfigurationPlatforms) = postSolution
		{8005E5FB-9976-441B-8EBA-11378D613E83}.Debug|Any CPU.ActiveCfg = Debug|Any CPU
		{8005E5FB-9976-441B-8EBA-11378D613E83}.Debug|Any CPU.Build.0 = Debug|Any CPU
		{8005E5FB-9976-441B-8EBA-11378D613E83}.Release|Any CPU.ActiveCfg = Release|Any CPU
		{8005E5FB-9976-441B-8EBA-11378D613E83}.Release|Any CPU.Build.0 = Release|Any CPU
		{04C5AB0D-D05B-40ED-A10F-A4A01BD5D019}.Debug|Any CPU.ActiveCfg = Debug|Any CPU
		{04C5AB0D-D05B-40ED-A10F-A4A01BD5D019}.Debug|Any CPU.Build.0 = Debug|Any CPU
		{04C5AB0D-D05B-40ED-A10F-A4A01BD5D019}.Release|Any CPU.ActiveCfg = Release|Any CPU
		{04C5AB0D-D05B-40ED-A10F-A4A01BD5D019}.Release|Any CPU.Build.0 = Release|Any CPU
		{E04B6225-02B3-4D4A-8489-242AC2E9C4CF}.Debug|Any CPU.ActiveCfg = Debug|Any CPU
		{E04B6225-02B3-4D4A-8489-242AC2E9C4CF}.Debug|Any CPU.Build.0 = Debug|Any CPU
		{E04B6225-02B3-4D4A-8489-242AC2E9C4CF}.Release|Any CPU.ActiveCfg = Release|Any CPU
		{E04B6225-02B3-4D4A-8489-242AC2E9C4CF}.Release|Any CPU.Build.0 = Release|Any CPU
		{2A2B1C72-5C58-4F2E-8F07-3DD8C64A6341}.Debug|Any CPU.ActiveCfg = Debug|Any CPU
		{2A2B1C72-5C58-4F2E-8F07-3DD8C64A6341}.Debug|Any CPU.Build.0 = Debug|Any CPU
		{2A2B1C72-5C58-4F2E-8F07-3DD8C64A6341}.Release|Any CPU.ActiveCfg = Release|Any CPU
		{2A2B1C72-5C58-4F2E-8F07-3DD8C64A6341}.Release|Any CPU.Build.0 = Release|Any CPU
		{648FBC32-E345-4F20-8C9C-3B33EFD6DCF0}.Debug|Any CPU.ActiveCfg = Debug|Any CPU
		{648FBC32-E345-4F20-8C9C-3B33EFD6DCF0}.Debug|Any CPU.Build.0 = Debug|Any CPU
		{648FBC32-E345-4F20-8C9C-3B33EFD6DCF0}.Release|Any CPU.ActiveCfg = Release|Any CPU
		{648FBC32-E345-4F20-8C9C-3B33EFD6DCF0}.Release|Any CPU.Build.0 = Release|Any CPU
		{1D4D5EA3-4E52-46DE-B76B-DD1AAF9D6311}.Debug|Any CPU.ActiveCfg = Debug|Any CPU
		{1D4D5EA3-4E52-46DE-B76B-DD1AAF9D6311}.Debug|Any CPU.Build.0 = Debug|Any CPU
		{1D4D5EA3-4E52-46DE-B76B-DD1AAF9D6311}.Release|Any CPU.ActiveCfg = Release|Any CPU
		{1D4D5EA3-4E52-46DE-B76B-DD1AAF9D6311}.Release|Any CPU.Build.0 = Release|Any CPU
		{D7CF8629-90E4-4659-8AD1-5C1FCCB4B3D2}.Debug|Any CPU.ActiveCfg = Debug|Any CPU
		{D7CF8629-90E4-4659-8AD1-5C1FCCB4B3D2}.Debug|Any CPU.Build.0 = Debug|Any CPU
		{D7CF8629-90E4-4659-8AD1-5C1FCCB4B3D2}.Release|Any CPU.ActiveCfg = Release|Any CPU
		{D7CF8629-90E4-4659-8AD1-5C1FCCB4B3D2}.Release|Any CPU.Build.0 = Release|Any CPU
	EndGlobalSection
	GlobalSection(SolutionProperties) = preSolution
		HideSolutionNode = FALSE
	EndGlobalSection
	GlobalSection(NestedProjects) = preSolution
		{8005E5FB-9976-441B-8EBA-11378D613E83} = {E226C0C2-8E03-4417-A8AA-DB8E41E4F81B}
		{1D4D5EA3-4E52-46DE-B76B-DD1AAF9D6311} = {E226C0C2-8E03-4417-A8AA-DB8E41E4F81B}
		{D7CF8629-90E4-4659-8AD1-5C1FCCB4B3D2} = {E226C0C2-8E03-4417-A8AA-DB8E41E4F81B}
	EndGlobalSection
EndGlobal
